
Microsoft Visual Studio Solution File, Format Version 12.00
# Visual Studio Version 16
VisualStudioVersion = 16.0.29418.71
MinimumVisualStudioVersion = 10.0.40219.1
Project("{9A19103F-16F7-4668-BE54-9A1E7A4F7556}") = "TeamGame.Domain", "TeamGame.Domain\TeamGame.Domain.csproj", "{328CC602-16A8-4ABB-8A20-9EC5AC5AF093}"
EndProject
Project("{9A19103F-16F7-4668-BE54-9A1E7A4F7556}") = "TeamGame.UI.Console", "TeamGame.UI.Console\TeamGame.UI.Console.csproj", "{B964DA05-1058-4AB9-A46D-F363D5202711}"
EndProject
Project("{9A19103F-16F7-4668-BE54-9A1E7A4F7556}") = "TeamGame.Test.Domain", "TeamGame.Test.Domain\TeamGame.Test.Domain.csproj", "{4B07974D-B6B3-4BF4-A88A-AEDACB2678B8}"
EndProject
Project("{9A19103F-16F7-4668-BE54-9A1E7A4F7556}") = "TeamGame.Data", "TeamGame.Data\TeamGame.Data.csproj", "{2D84D5F9-FC81-47CC-A86E-08904239D40F}"
EndProject
Project("{9A19103F-16F7-4668-BE54-9A1E7A4F7556}") = "TeamGame.Service", "TeamGame.Service\TeamGame.Service.csproj", "{237C3FFF-CB51-4FEA-8286-6C840A2EE083}"
EndProject
Project("{2150E333-8FDC-42A3-9474-1A3956D46DE8}") = "Solution Items", "Solution Items", "{361C4C39-60A4-4E99-AF2B-6A3CF3ED9B13}"
	ProjectSection(SolutionItems) = preProject
		.github\workflows\dotnetcore.yml = .github\workflows\dotnetcore.yml
	EndProjectSection
EndProject
Global
	GlobalSection(SolutionConfigurationPlatforms) = preSolution
		Debug|Any CPU = Debug|Any CPU
		Release|Any CPU = Release|Any CPU
	EndGlobalSection
	GlobalSection(ProjectConfigurationPlatforms) = postSolution
		{328CC602-16A8-4ABB-8A20-9EC5AC5AF093}.Debug|Any CPU.ActiveCfg = Debug|Any CPU
		{328CC602-16A8-4ABB-8A20-9EC5AC5AF093}.Debug|Any CPU.Build.0 = Debug|Any CPU
		{328CC602-16A8-4ABB-8A20-9EC5AC5AF093}.Release|Any CPU.ActiveCfg = Release|Any CPU
		{328CC602-16A8-4ABB-8A20-9EC5AC5AF093}.Release|Any CPU.Build.0 = Release|Any CPU
		{B964DA05-1058-4AB9-A46D-F363D5202711}.Debug|Any CPU.ActiveCfg = Debug|Any CPU
		{B964DA05-1058-4AB9-A46D-F363D5202711}.Debug|Any CPU.Build.0 = Debug|Any CPU
		{B964DA05-1058-4AB9-A46D-F363D5202711}.Release|Any CPU.ActiveCfg = Release|Any CPU
		{B964DA05-1058-4AB9-A46D-F363D5202711}.Release|Any CPU.Build.0 = Release|Any CPU
		{4B07974D-B6B3-4BF4-A88A-AEDACB2678B8}.Debug|Any CPU.ActiveCfg = Debug|Any CPU
		{4B07974D-B6B3-4BF4-A88A-AEDACB2678B8}.Debug|Any CPU.Build.0 = Debug|Any CPU
		{4B07974D-B6B3-4BF4-A88A-AEDACB2678B8}.Release|Any CPU.ActiveCfg = Release|Any CPU
		{4B07974D-B6B3-4BF4-A88A-AEDACB2678B8}.Release|Any CPU.Build.0 = Release|Any CPU
		{2D84D5F9-FC81-47CC-A86E-08904239D40F}.Debug|Any CPU.ActiveCfg = Debug|Any CPU
		{2D84D5F9-FC81-47CC-A86E-08904239D40F}.Debug|Any CPU.Build.0 = Debug|Any CPU
		{2D84D5F9-FC81-47CC-A86E-08904239D40F}.Release|Any CPU.ActiveCfg = Release|Any CPU
		{2D84D5F9-FC81-47CC-A86E-08904239D40F}.Release|Any CPU.Build.0 = Release|Any CPU
		{237C3FFF-CB51-4FEA-8286-6C840A2EE083}.Debug|Any CPU.ActiveCfg = Debug|Any CPU
		{237C3FFF-CB51-4FEA-8286-6C840A2EE083}.Debug|Any CPU.Build.0 = Debug|Any CPU
		{237C3FFF-CB51-4FEA-8286-6C840A2EE083}.Release|Any CPU.ActiveCfg = Release|Any CPU
		{237C3FFF-CB51-4FEA-8286-6C840A2EE083}.Release|Any CPU.Build.0 = Release|Any CPU
	EndGlobalSection
	GlobalSection(SolutionProperties) = preSolution
		HideSolutionNode = FALSE
	EndGlobalSection
	GlobalSection(ExtensibilityGlobals) = postSolution
		SolutionGuid = {8651BCF2-4DC4-4964-A0EC-A39D80B2702C}
	EndGlobalSection
EndGlobal
